{
  "name": "cotton-jasper-effect",
  "version": "0.0.1",
  "lockfileVersion": 1,
  "requires": true,
  "dependencies": {
    "@babel/runtime": {
      "version": "7.18.9",
      "resolved": "https://registry.npmjs.org/@babel/runtime/-/runtime-7.18.9.tgz",
      "integrity": "sha512-lkqXDcvlFT5rvEjiu6+QYO+1GXrEHRo2LOtS7E4GtX5ESIZOgepqsZBVIj6Pv+a6zqsya9VCgiK1KAK4BvJDAw==",
      "requires": {
        "regenerator-runtime": "^0.13.4"
      }
    },
    "@discordjs/collection": {
      "version": "0.1.6",
      "resolved": "https://registry.npmjs.org/@discordjs/collection/-/collection-0.1.6.tgz",
      "integrity": "sha512-utRNxnd9kSS2qhyivo9lMlt5qgAUasH2gb7BEOn6p0efFh24gjGomHzWKMAPn2hEReOPQZCJaRKoURwRotKucQ=="
    },
    "@discordjs/form-data": {
      "version": "3.0.1",
      "resolved": "https://registry.npmjs.org/@discordjs/form-data/-/form-data-3.0.1.tgz",
      "integrity": "sha512-ZfFsbgEXW71Rw/6EtBdrP5VxBJy4dthyC0tpQKGKmYFImlmmrykO14Za+BiIVduwjte0jXEBlhSKf0MWbFp9Eg==",
      "requires": {
        "asynckit": "^0.4.0",
        "combined-stream": "^1.0.8",
        "mime-types": "^2.1.12"
      }
    },
    "@jimp/bmp": {
      "version": "0.16.1",
      "resolved": "https://registry.npmjs.org/@jimp/bmp/-/bmp-0.16.1.tgz",
      "integrity": "sha512-iwyNYQeBawrdg/f24x3pQ5rEx+/GwjZcCXd3Kgc+ZUd+Ivia7sIqBsOnDaMZdKCBPlfW364ekexnlOqyVa0NWg==",
      "requires": {
        "@babel/runtime": "^7.7.2",
        "@jimp/utils": "^0.16.1",
        "bmp-js": "^0.1.0"
      }
    },
    "@jimp/core": {
      "version": "0.16.1",
      "resolved": "https://registry.npmjs.org/@jimp/core/-/core-0.16.1.tgz",
      "integrity": "sha512-la7kQia31V6kQ4q1kI/uLimu8FXx7imWVajDGtwUG8fzePLWDFJyZl0fdIXVCL1JW2nBcRHidUot6jvlRDi2+g==",
      "requires": {
        "@babel/runtime": "^7.7.2",
        "@jimp/utils": "^0.16.1",
        "any-base": "^1.1.0",
        "buffer": "^5.2.0",
        "exif-parser": "^0.1.12",
        "file-type": "^9.0.0",
        "load-bmfont": "^1.3.1",
        "mkdirp": "^0.5.1",
        "phin": "^2.9.1",
        "pixelmatch": "^4.0.2",
        "tinycolor2": "^1.4.1"
      }
    },
    "@jimp/custom": {
      "version": "0.16.1",
      "resolved": "https://registry.npmjs.org/@jimp/custom/-/custom-0.16.1.tgz",
      "integrity": "sha512-DNUAHNSiUI/j9hmbatD6WN/EBIyeq4AO0frl5ETtt51VN1SvE4t4v83ZA/V6ikxEf3hxLju4tQ5Pc3zmZkN/3A==",
      "requires": {
        "@babel/runtime": "^7.7.2",
        "@jimp/core": "^0.16.1"
      }
    },
    "@jimp/gif": {
      "version": "0.16.1",
      "resolved": "https://registry.npmjs.org/@jimp/gif/-/gif-0.16.1.tgz",
      "integrity": "sha512-r/1+GzIW1D5zrP4tNrfW+3y4vqD935WBXSc8X/wm23QTY9aJO9Lw6PEdzpYCEY+SOklIFKaJYUAq/Nvgm/9ryw==",
      "requires": {
        "@babel/runtime": "^7.7.2",
        "@jimp/utils": "^0.16.1",
        "gifwrap": "^0.9.2",
        "omggif": "^1.0.9"
      }
    },
    "@jimp/jpeg": {
      "version": "0.16.1",
      "resolved": "https://registry.npmjs.org/@jimp/jpeg/-/jpeg-0.16.1.tgz",
      "integrity": "sha512-8352zrdlCCLFdZ/J+JjBslDvml+fS3Z8gttdml0We759PnnZGqrnPRhkOEOJbNUlE+dD4ckLeIe6NPxlS/7U+w==",
      "requires": {
        "@babel/runtime": "^7.7.2",
        "@jimp/utils": "^0.16.1",
        "jpeg-js": "0.4.2"
      }
    },
    "@jimp/plugin-blit": {
      "version": "0.16.1",
      "resolved": "https://registry.npmjs.org/@jimp/plugin-blit/-/plugin-blit-0.16.1.tgz",
      "integrity": "sha512-fKFNARm32RoLSokJ8WZXHHH2CGzz6ire2n1Jh6u+XQLhk9TweT1DcLHIXwQMh8oR12KgjbgsMGvrMVlVknmOAg==",
      "requires": {
        "@babel/runtime": "^7.7.2",
        "@jimp/utils": "^0.16.1"
      }
    },
    "@jimp/plugin-blur": {
      "version": "0.16.1",
      "resolved": "https://registry.npmjs.org/@jimp/plugin-blur/-/plugin-blur-0.16.1.tgz",
      "integrity": "sha512-1WhuLGGj9MypFKRcPvmW45ht7nXkOKu+lg3n2VBzIB7r4kKNVchuI59bXaCYQumOLEqVK7JdB4glaDAbCQCLyw==",
      "requires": {
        "@babel/runtime": "^7.7.2",
        "@jimp/utils": "^0.16.1"
      }
    },
    "@jimp/plugin-circle": {
      "version": "0.16.1",
      "resolved": "https://registry.npmjs.org/@jimp/plugin-circle/